
Microsoft Visual Studio Solution File, Format Version 12.00
# Visual Studio Version 17
VisualStudioVersion = 17.7.34031.279
MinimumVisualStudioVersion = 10.0.40219.1
Project("{9A19103F-16F7-4668-BE54-9A1E7A4F7556}") = "CR3JW9_HFT_2023241.Client", "CR3JW9_HFT_2023241.Client\CR3JW9_HFT_2023241.Client.csproj", "{67B2B3BC-F8AE-46B8-B008-6053F0167D60}"
EndProject
Project("{9A19103F-16F7-4668-BE54-9A1E7A4F7556}") = "CR3JW9_HFT_2023241.Models", "CR3JW9_HFT_2023241.Models\CR3JW9_HFT_2023241.Models.csproj", "{2F0B0055-F67C-4FEF-933C-D86DD510DC9C}"
EndProject
Project("{9A19103F-16F7-4668-BE54-9A1E7A4F7556}") = "CR3JW9_HFT_2023241.Logic", "CR3JW9_HFT_2023241.Logic\CR3JW9_HFT_2023241.Logic.csproj", "{504CCEBB-B7DE-42AB-8643-3654926DFB25}"
EndProject
Project("{9A19103F-16F7-4668-BE54-9A1E7A4F7556}") = "CR3JW9_HFT_2023241.Repository", "CR3JW9_HFT_2023241.Repository\CR3JW9_HFT_2023241.Repository.csproj", "{319BEC1D-FB69-462A-9E19-6AD832023D52}"
EndProject
Project("{9A19103F-16F7-4668-BE54-9A1E7A4F7556}") = "CR3JW9_HFT_2023241.Test", "CR3JW9_HFT_2023241.Test\CR3JW9_HFT_2023241.Test.csproj", "{F1433E5A-F36C-4CF5-930D-667994F39C66}"
EndProject
Project("{2150E333-8FDC-42A3-9474-1A3956D46DE8}") = "Backend", "Backend", "{F7490184-382F-4EA6-BFBF-1D18413F6BEC}"
EndProject
Project("{2150E333-8FDC-42A3-9474-1A3956D46DE8}") = "Frontend", "Frontend", "{251939DC-A06E-4DAF-8193-2661BC3F9AAC}"
EndProject
Project("{2150E333-8FDC-42A3-9474-1A3956D46DE8}") = "Shared", "Shared", "{06D603C3-C3B7-4A1F-9963-5C178CE12932}"
EndProject
Project("{FAE04EC0-301F-11D3-BF4B-00C04F79EFBC}") = "CR3JW9_HFT_2023241.Endpoint", "Endpoint\CR3JW9_HFT_2023241.Endpoint.csproj", "{1474E153-F5D3-42FB-A7BB-C08D9208F498}"
EndProject
Global
	GlobalSection(SolutionConfigurationPlatforms) = preSolution
		Debug|Any CPU = Debug|Any CPU
		Release|Any CPU = Release|Any CPU
	EndGlobalSection
	GlobalSection(ProjectConfigurationPlatforms) = postSolution
		{67B2B3BC-F8AE-46B8-B008-6053F0167D60}.Debug|Any CPU.ActiveCfg = Debug|Any CPU
		{67B2B3BC-F8AE-46B8-B008-6053F0167D60}.Debug|Any CPU.Build.0 = Debug|Any CPU
		{67B2B3BC-F8AE-46B8-B008-6053F0167D60}.Release|Any CPU.ActiveCfg = Release|Any CPU
		{67B2B3BC-F8AE-46B8-B008-6053F0167D60}.Release|Any CPU.Build.0 = Release|Any CPU
		{2F0B0055-F67C-4FEF-933C-D86DD510DC9C}.Debug|Any CPU.ActiveCfg = Debug|Any CPU
		{2F0B0055-F67C-4FEF-933C-D86DD510DC9C}.Debug|Any CPU.Build.0 = Debug|Any CPU
		{2F0B0055-F67C-4FEF-933C-D86DD510DC9C}.Release|Any CPU.ActiveCfg = Release|Any CPU
		{2F0B0055-F67C-4FEF-933C-D86DD510DC9C}.Release|Any CPU.Build.0 = Release|Any CPU
		{504CCEBB-B7DE-42AB-8643-3654926DFB25}.Debug|Any CPU.ActiveCfg = Debug|Any CPU
		{504CCEBB-B7DE-42AB-8643-3654926DFB25}.Debug|Any CPU.Build.0 = Debug|Any CPU
		{504CCEBB-B7DE-42AB-8643-3654926DFB25}.Release|Any CPU.ActiveCfg = Release|Any CPU
		{504CCEBB-B7DE-42AB-8643-3654926DFB25}.Release|Any CPU.Build.0 = Release|Any CPU
		{319BEC1D-FB69-462A-9E19-6AD832023D52}.Debug|Any CPU.ActiveCfg = Debug|Any CPU
		{319BEC1D-FB69-462A-9E19-6AD832023D52}.Debug|Any CPU.Build.0 = Debug|Any CPU
		{319BEC1D-FB69-462A-9E19-6AD832023D52}.Release|Any CPU.ActiveCfg = Release|Any CPU
		{319BEC1D-FB69-462A-9E19-6AD832023D52}.Release|Any CPU.Build.0 = Release|Any CPU
		{F1433E5A-F36C-4CF5-930D-667994F39C66}.Debug|Any CPU.ActiveCfg = Debug|Any CPU
		{F1433E5A-F36C-4CF5-930D-667994F39C66}.Debug|Any CPU.Build.0 = Debug|Any CPU
		{F1433E5A-F36C-4CF5-930D-667994F39C66}.Release|Any CPU.ActiveCfg = Release|Any CPU
		{F1433E5A-F36C-4CF5-930D-667994F39C66}.Release|Any CPU.Build.0 = Release|Any CPU
		{1474E153-F5D3-42FB-A7BB-C08D9208F498}.Debug|Any CPU.ActiveCfg = Debug|Any CPU
		{1474E153-F5D3-42FB-A7BB-C08D9208F498}.Debug|Any CPU.Build.0 = Debug|Any CPU
		{1474E153-F5D3-42FB-A7BB-C08D9208F498}.Release|Any CPU.ActiveCfg = Release|Any CPU
		{1474E153-F5D3-42FB-A7BB-C08D9208F498}.Release|Any CPU.Build.0 = Release|Any CPU
	EndGlobalSection
	GlobalSection(SolutionProperties) = preSolution
		HideSolutionNode = FALSE
	EndGlobalSection
	GlobalSection(NestedProjects) = preSolution
		{67B2B3BC-F8AE-46B8-B008-6053F0167D60} = {251939DC-A06E-4DAF-8193-2661BC3F9AAC}
		{2F0B0055-F67C-4FEF-933C-D86DD510DC9C} = {06D603C3-C3B7-4A1F-9963-5C178CE12932}
		{504CCEBB-B7DE-42AB-8643-3654926DFB25} = {F7490184-382F-4EA6-BFBF-1D18413F6BEC}
		{319BEC1D-FB69-462A-9E19-6AD832023D52} = {F7490184-382F-4EA6-BFBF-1D18413F6BEC}
		{F1433E5A-F36C-4CF5-930D-667994F39C66} = {F7490184-382F-4EA6-BFBF-1D18413F6BEC}
		{1474E153-F5D3-42FB-A7BB-C08D9208F498} = {F7490184-382F-4EA6-BFBF-1D18413F6BEC}
	EndGlobalSection
	GlobalSection(ExtensibilityGlobals) = postSolution
		SolutionGuid = {FBAD715E-2B73-42D3-81CF-CC1A57BEE1C3}
	EndGlobalSection
EndGlobal
